
Microsoft Visual Studio Solution File, Format Version 12.00
# Visual Studio Version 17
VisualStudioVersion = 17.3.32922.545
MinimumVisualStudioVersion = 10.0.40219.1
Project("{FAE04EC0-301F-11D3-BF4B-00C04F79EFBC}") = "WebApIF", "WebApIF.csproj", "{9608DDC8-8C2D-4924-93E8-577B331FFAF9}"
EndProject
Project("{9A19103F-16F7-4668-BE54-9A1E7A4F7556}") = "TextCounter", "..\TextCounter\TextCounter.csproj", "{A7166107-1A41-4343-978A-F80F81B6B55B}"
EndProject
Project("{FAE04EC0-301F-11D3-BF4B-00C04F79EFBC}") = "ConsoleApp", "..\ConsoleApp\ConsoleApp.csproj", "{C9FB3D58-6E58-46DD-A0FA-E7DA0ABB9C90}"
EndProject
Global
	GlobalSection(SolutionConfigurationPlatforms) = preSolution
		Debug|Any CPU = Debug|Any CPU
		Release|Any CPU = Release|Any CPU
	EndGlobalSection
	GlobalSection(ProjectConfigurationPlatforms) = postSolution
		{9608DDC8-8C2D-4924-93E8-577B331FFAF9}.Debug|Any CPU.ActiveCfg = Debug|Any CPU
		{9608DDC8-8C2D-4924-93E8-577B331FFAF9}.Debug|Any CPU.Build.0 = Debug|Any CPU
		{9608DDC8-8C2D-4924-93E8-577B331FFAF9}.Release|Any CPU.ActiveCfg = Release|Any CPU
		{9608DDC8-8C2D-4924-93E8-577B331FFAF9}.Release|Any CPU.Build.0 = Release|Any CPU
		{A7166107-1A41-4343-978A-F80F81B6B55B}.Debug|Any CPU.ActiveCfg = Debug|Any CPU
		{A7166107-1A41-4343-978A-F80F81B6B55B}.Debug|Any CPU.Build.0 = Debug|Any CPU
		{A7166107-1A41-4343-978A-F80F81B6B55B}.Release|Any CPU.ActiveCfg = Release|Any CPU
		{A7166107-1A41-4343-978A-F80F81B6B55B}.Release|Any CPU.Build.0 = Release|Any CPU
		{C9FB3D58-6E58-46DD-A0FA-E7DA0ABB9C90}.Debug|Any CPU.ActiveCfg = Debug|Any CPU
		{C9FB3D58-6E58-46DD-A0FA-E7DA0ABB9C90}.Debug|Any CPU.Build.0 = Debug|Any CPU
		{C9FB3D58-6E58-46DD-A0FA-E7DA0ABB9C90}.Release|Any CPU.ActiveCfg = Release|Any CPU
		{C9FB3D58-6E58-46DD-A0FA-E7DA0ABB9C90}.Release|Any CPU.Build.0 = Release|Any CPU
	EndGlobalSection
	GlobalSection(SolutionProperties) = preSolution
		HideSolutionNode = FALSE
	EndGlobalSection
	GlobalSection(ExtensibilityGlobals) = postSolution
		SolutionGuid = {0FF127E0-584E-44E6-919E-8104322FF727}
	EndGlobalSection
EndGlobal
